{
  "name": "stackathon-reddit-comment-sentiment-analyzer",
  "version": "1.0.0",
  "lockfileVersion": 1,
  "requires": true,
  "dependencies": {
    "sentiment": {
      "version": "5.0.0",
      "resolved": "https://registry.npmjs.org/sentiment/-/sentiment-5.0.0.tgz",
      "integrity": "sha512-TFDY1YHccU5XE4L5SjtNSRZ5mC2SA91hNTEHkhsvJFtVksp5/UFfeN/7XvrmdxEM9CuuVn/UrxPpd5NdaYGFsw=="
    }
  }
}
